{
  "name": "meta-lang",
  "version": "1.0.0",
  "lockfileVersion": 2,
  "requires": true,
  "packages": {
    "": {
      "name": "meta-lang",
      "version": "1.0.0",
      "license": "MIT",
      "dependencies": {
        "codespan-napi": "^0.4.0",
        "commander": "^9.3.0",
        "typescript": "^4.7.4"
      },
      "devDependencies": {
        "@types/node": "^18.0.0"
      }
    },
    "node_modules/@napi-rs/triples": {
      "version": "1.1.0",
      "resolved": "https://registry.npmjs.org/@napi-rs/triples/-/triples-1.1.0.tgz",
      "integrity": "sha512-XQr74QaLeMiqhStEhLn1im9EOMnkypp7MZOwQhGzqp2Weu5eQJbpPxWxixxlYRKWPOmJjsk6qYfYH9kq43yc2w=="
    },
    "node_modules/@node-rs/helper": {
      "version": "1.3.3",
      "resolved": "https://registry.npmjs.org/@node-rs/helper/-/helper-1.3.3.tgz",
      "integrity": "sha512-p4OdfQObGN9YFy5WZaGwlPYICQSe7xZYyXB0sxREmvj1HzGKp5bPg2PlfgfMZEfnjIA882B9ZrnagYzZihIwjA==",
      "dependencies": {
        "@napi-rs/triples": "^1.1.0"
      }
    },
    "node_modules/@types/node": {
      "version": "18.0.0",
      "resolved": "https://registry.npmjs.org/@types/node/-/node-18.0.0.tgz",
      "integrity": "sha512-cHlGmko4gWLVI27cGJntjs/Sj8th9aYwplmZFwmmgYQQvL5NUsgVJG7OddLvNfLqYS31KFN0s3qlaD9qCaxACA==",
      "dev": true
    },
    "node_modules/codespan-napi": {
      "version": "0.4.0",
      "resolved": "https://registry.npmjs.org/codespan-napi/-/codespan-napi-0.4.0.tgz",
      "integrity": "sha512-+qat1x7B8YU/jMs95XeOyqCNuBlyBRz42QeYqhAnLrP2bJ4vRSzJo2YWDuhBQt1dvfPzkFcV6zeBcDX1wY+buQ==",
      "dependencies": {
        "@node-rs/helper": "^1.2.1"
      },
      "engines": {
        "node": ">= 10"
      },
      "optionalDependencies": {
        "codespan-napi-android-arm-eabi": "0.4.0",
        "codespan-napi-android-arm64": "0.4.0",
        "codespan-napi-darwin-arm64": "0.4.0",
        "codespan-napi-darwin-x64": "0.4.0",
        "codespan-napi-freebsd-x64": "0.4.0",
        "codespan-napi-linux-arm-gnueabihf": "0.4.0",
        "codespan-napi-linux-arm64-gnu": "0.4.0",
        "codespan-napi-linux-arm64-musl": "0.4.0",
        "codespan-napi-linux-x64-gnu": "0.4.0",
        "codespan-napi-linux-x64-musl": "0.4.0",
        "codespan-napi-win32-arm64-msvc": "0.4.0",
        "codespan-napi-win32-ia32-msvc": "0.4.0",
        "codespan-napi-win32-x64-msvc": "0.4.0"
      }
    },
    "node_modules/codespan-napi-android-arm-eabi": {
      "version": "0.4.0",
      "resolved": "https://registry.npmjs.org/codespan-napi-android-arm-eabi/-/codespan-napi-android-arm-eabi-0.4.0.tgz",
      "integrity": "sha512-7bhaCPS6ZVX/t/aEkJHwDPK7lxVKWKQjuJkEernb75cYqp3B5ssABvrBM8vGnwoIIsHL/ju1IlvJl17Zc1Z6KQ==",
      "cpu": [
        "arm"
      ],
      "optional": true,
      "os": [
        "android"
      ],
      "engines": {
        "node": ">= 10"
      }
    },
    "node_modules/codespan-napi-android-arm64": {
      "version": "0.4.0",
      "resolved": "https://registry.npmjs.org/codespan-napi-android-arm64/-/codespan-napi-android-arm64-0.4.0.tgz",
      "integrity": "sha512-EaCtIabmtyVf06lY3SApR9j+KRuPiWJS7RTlb/0aMgEzWrVwrvSsKwpaZcXtHNBwoY+7oXZzH43CpCD32i3s9w==",
      "cpu": [
        "arm64"
      ],
      "optional": true,
      "os": [
        "android"
      ],
      "engines": {
        "node": ">= 10"
      }
    },
    "node_modules/codespan-napi-darwin-arm64": {
      "version": "0.4.0",
      "resolved": "https://registry.npmjs.org/codespan-napi-darwin-arm64/-/codespan-napi-darwin-arm64-0.4.0.tgz",
      "integrity": "sha512-luqdAuuw+o2ky1iXQuM8TI6PcqQF1SO1Xvw8Foer1VsTeOrBAokKMdwewDwe8EWi4jMVl/FZ1kduJKhY+pQyiw==",
      "cpu": [
        "arm64"
      ],
      "optional": true,
      "os": [
        "darwin"
      ],
      "engines": {
        "node": ">= 10"
      }
    },
    "node_modules/codespan-napi-darwin-x64": {
      "version": "0.4.0",
      "resolved": "https://registry.npmjs.org/codespan-napi-darwin-x64/-/codespan-napi-darwin-x64-0.4.0.tgz",
      "integrity": "sha512-UvSGtZam7BKcVuZ2IMT6zZJaZxCVwehLlKSZ2Z49zuYxR54gannI/EzOuEtgAdUCGerbfk4MiS48SXmNdpOjRQ==",
      "cpu": [
        "x64"
      ],
      "optional": true,
      "os": [
        "darwin"
      ],
      "engines": {
        "node": ">= 10"
      }
    },
    "node_modules/codespan-napi-freebsd-x64": {
      "version": "0.4.0",
      "resolved": "https://registry.npmjs.org/codespan-napi-freebsd-x64/-/codespan-napi-freebsd-x64-0.4.0.tgz",
      "integrity": "sha512-JU0B5RNcKrIu2AWVVJS+1MUp+A5dOWz/uAx7t//wMzmJ1+lM+j7ZJP9KgPZLIjnMtP+e61f5icyi/A1syj+mLg==",
      "cpu": [
        "x64"
      ],
      "optional": true,
      "os": [
        "freebsd"
      ],
      "engines": {
        "node": ">= 10"
      }
    },
    "node_modules/codespan-napi-linux-arm-gnueabihf": {
      "version": "0.4.0",
      "resolved": "https://registry.npmjs.org/codespan-napi-linux-arm-gnueabihf/-/codespan-napi-linux-arm-gnueabihf-0.4.0.tgz",
      "integrity": "sha512-Ios70e2o14qk0OzuGQsLCw+Q9QWlnqJUNMxVW5azlfRgAr6MbaY62MQFUNx0MgADX9GY69FrUzn3AP/RctdZdA==",
      "cpu": [
        "arm"
      ],
      "optional": true,
      "os": [
        "linux"
      ],
      "engines": {
        "node": ">= 10"
      }
    },
    "node_modules/codespan-napi-linux-arm64-gnu": {
      "version": "0.4.0",
      "resolved": "https://registry.npmjs.org/codespan-napi-linux-arm64-gnu/-/codespan-napi-linux-arm64-gnu-0.4.0.tgz",
      "integrity": "sha512-DQHFXs743pwKC07GeaHUwdHwgehydgeDBki2T/XHCbvyUbIjy5vSObvoltaZoxzmXnJd6YOpopxluVps75C+mA==",
      "cpu": [
        "arm64"
      ],
      "optional": true,
      "os": [
        "linux"
      ],
      "engines": {
        "node": ">= 10"
      }
    },
    "node_modules/codespan-napi-linux-arm64-musl": {
      "version": "0.4.0",
      "resolved": "https://registry.npmjs.org/codespan-napi-linux-arm64-musl/-/codespan-napi-linux-arm64-musl-0.4.0.tgz",
      "integrity": "sha512-o5DMa7Nhtz/tcYjEPcCP0ndarFYDMK9XThknwmiC9LvPmrC6oXwjy724lLkVJiJv5WpT0awScWZBFt+D+oVj+A==",
      "cpu": [
        "arm64"
      ],
      "optional": true,
      "os": [
        "linux"
      ],
      "engines": {
        "node": ">= 10"
      }
    },
    "node_modules/codespan-napi-linux-x64-gnu": {
      "version": "0.4.0",
      "resolved": "https://registry.npmjs.org/codespan-napi-linux-x64-gnu/-/codespan-napi-linux-x64-gnu-0.4.0.tgz",
      "integrity": "sha512-uwj5KzZtwFBGZzElVv8joWeajXdqsS7IeiKF1Wn5uGgbnI2QK6SKPEGz1rz1X5QEiDfxbqt7X/ik3AI4kWWlmg==",
      "cpu": [
        "x64"
      ],
      "optional": true,
      "os": [
        "linux"
      ],
      "engines": {
        "node": ">= 10"
      }
    },
    "node_modules/codespan-napi-linux-x64-musl": {
      "version": "0.4.0",
      "resolved": "https://registry.npmjs.org/codespan-napi-linux-x64-musl/-/codespan-napi-linux-x64-musl-0.4.0.tgz",
      "integrity": "sha512-v4jlM4x6kqZ+gIlES+UpDs1JxK2MM+Srah13sixDFPXLI8S4h7YphCi5dyx4Ca3tRzz6jgkXQXpBJzH1tz4uiQ==",
      "cpu": [
        "x64"
      ],
      "optional": true,
      "os": [
        "linux"
      ],
      "engines": {
        "node": ">= 10"
      }
    },
    "node_modules/codespan-napi-win32-arm64-msvc": {
      "version": "0.4.0",
      "resolved": "https://registry.npmjs.org/codespan-napi-win32-arm64-msvc/-/codespan-napi-win32-arm64-msvc-0.4.0.tgz",
      "integrity": "sha512-lJWewEr7Mtbf9fP2MzgH5z3p1qdibXTxs45dlrzqfIG+gk8xgTdzzyI0DsP85OcgrKDejDUNDL2btKbXl131ig==",
      "cpu": [
        "arm64"
      ],
      "optional": true,
      "os": [
        "win32"
      ],
      "engines": {
        "node": ">= 10"
      }
    },
    "node_modules/codespan-napi-win32-ia32-msvc": {
      "version": "0.4.0",
      "resolved": "https://registry.npmjs.org/codespan-napi-win32-ia32-msvc/-/codespan-napi-win32-ia32-msvc-0.4.0.tgz",
      "integrity": "sha512-jxI6HBEyh0fiTsUAjgUz7/THSwXRM6niC4zWfADQQYfasipGO0GcRvuOGPcLpbxERium+WPWuMjWHnBA9Hhvqw==",
      "cpu": [
        "ia32"
      ],
      "optional": true,
      "os": [
        "win32"
      ],
      "engines": {
        "node": ">= 10"
      }
    },
    "node_modules/codespan-napi-win32-x64-msvc": {
      "version": "0.4.0",
      "resolved": "https://registry.npmjs.org/codespan-napi-win32-x64-msvc/-/codespan-napi-win32-x64-msvc-0.4.0.tgz",
      "integrity": "sha512-AzVChsgKOKWqxgcIxJW7foETAigAlD0KS471NhCa6h0kSGtMV/YLAEee0zOdOiw0rzbjK1LEwX530eO9S3Xjhg==",
      "cpu": [
        "x64"
      ],
      "optional": true,
      "os": [
        "win32"
      ],
      "engines": {
        "node": ">= 10"
      }
    },
    "node_modules/commander": {
      "version": "9.3.0",
      "resolved": "https://registry.npmjs.org/commander/-/commander-9.3.0.tgz",
      "integrity": "sha512-hv95iU5uXPbK83mjrJKuZyFM/LBAoCV/XhVGkS5Je6tl7sxr6A0ITMw5WoRV46/UaJ46Nllm3Xt7IaJhXTIkzw==",
      "engines": {
        "node": "^12.20.0 || >=14"
      }
    },
    "node_modules/typescript": {
      "version": "4.7.4",
      "resolved": "https://registry.npmjs.org/typescript/-/typescript-4.7.4.tgz",
      "integrity": "sha512-C0WQT0gezHuw6AdY1M2jxUO83Rjf0HP7Sk1DtXj6j1EwkQNZrHAg2XPWlq62oqEhYvONq5pkC2Y9oPljWToLmQ==",
      "bin": {
        "tsc": "bin/tsc",
        "tsserver": "bin/tsserver"
      },
      "engines": {
        "node": ">=4.2.0"
      }
    }
  },
  "dependencies": {
    "@napi-rs/triples": {
      "version": "1.1.0",
      "resolved": "https://registry.npmjs.org/@napi-rs/triples/-/triples-1.1.0.tgz",
      "integrity": "sha512-XQr74QaLeMiqhStEhLn1im9EOMnkypp7MZOwQhGzqp2Weu5eQJbpPxWxixxlYRKWPOmJjsk6qYfYH9kq43yc2w=="
    },
    "@node-rs/helper": {
      "version": "1.3.3",
      "resolved": "https://registry.npmjs.org/@node-rs/helper/-/helper-1.3.3.tgz",
      "integrity": "sha512-p4OdfQObGN9YFy5WZaGwlPYICQSe7xZYyXB0sxREmvj1HzGKp5bPg2PlfgfMZEfnjIA882B9ZrnagYzZihIwjA==",
      "requires": {
        "@napi-rs/triples": "^1.1.0"
      }
    },
    "@types/node": {
      "version": "18.0.0",
      "resolved": "https://registry.npmjs.org/@types/node/-/node-18.0.0.tgz",
      "integrity": "sha512-cHlGmko4gWLVI27cGJntjs/Sj8th9aYwplmZFwmmgYQQvL5NUsgVJG7OddLvNfLqYS31KFN0s3qlaD9qCaxACA==",
      "dev": true
    },
    "codespan-napi": {
      "version": "0.4.0",
      "resolved": "https://registry.npmjs.org/codespan-napi/-/codespan-napi-0.4.0.tgz",
      "integrity": "sha512-+qat1x7B8YU/jMs95XeOyqCNuBlyBRz42QeYqhAnLrP2bJ4vRSzJo2YWDuhBQt1dvfPzkFcV6zeBcDX1wY+buQ==",
      "requires": {
        "@node-rs/helper": "^1.2.1",
        "codespan-napi-android-arm-eabi": "0.4.0",
        "codespan-napi-android-arm64": "0.4.0",
        "codespan-napi-darwin-arm64": "0.4.0",
        "codespan-napi-darwin-x64": "0.4.0",
        "codespan-napi-freebsd-x64": "0.4.0",
        "codespan-napi-linux-arm-gnueabihf": "0.4.0",
        "codespan-napi-linux-arm64-gnu": "0.4.0",
        "codespan-napi-linux-arm64-musl": "0.4.0",
        "codespan-napi-linux-x64-gnu": "0.4.0",
        "codespan-napi-linux-x64-musl": "0.4.0",
        "codespan-napi-win32-arm64-msvc": "0.4.0",
        "codespan-napi-win32-ia32-msvc": "0.4.0",
        "codespan-napi-win32-x64-msvc": "0.4.0"
      }
    },
    "codespan-napi-android-arm-eabi": {
      "version": "0.4.0",
      "resolved": "https://registry.npmjs.org/codespan-napi-android-arm-eabi/-/codespan-napi-android-arm-eabi-0.4.0.tgz",
      "integrity": "sha512-7bhaCPS6ZVX/t/aEkJHwDPK7lxVKWKQjuJkEernb75cYqp3B5ssABvrBM8vGnwoIIsHL/ju1IlvJl17Zc1Z6KQ==",
      "optional": true
    },
    "codespan-napi-android-arm64": {
      "version": "0.4.0",
      "resolved": "https://registry.npmjs.org/codespan-napi-android-arm64/-/codespan-napi-android-arm64-0.4.0.tgz",
      "integrity": "sha512-EaCtIabmtyVf06lY3SApR9j+KRuPiWJS7RTlb/0aMgEzWrVwrvSsKwpaZcXtHNBwoY+7oXZzH43CpCD32i3s9w==",
      "optional": true
    },
    "codespan-napi-darwin-arm64": {
      "version": "0.4.0",
      "resolved": "https://registry.npmjs.org/codespan-napi-darwin-arm64/-/codespan-napi-darwin-arm64-0.4.0.tgz",
      "integrity": "sha512-luqdAuuw+o2ky1iXQuM8TI6PcqQF1SO1Xvw8Foer1VsTeOrBAokKMdwewDwe8EWi4jMVl/FZ1kduJKhY+pQyiw==",
      "optional": true
    },
    "codespan-napi-darwin-x64": {
      "version": "0.4.0",
      "resolved": "https://registry.npmjs.org/codespan-napi-darwin-x64/-/codespan-napi-darwin-x64-0.4.0.tgz",
      "integrity": "sha512-UvSGtZam7BKcVuZ2IMT6zZJaZxCVwehLlKSZ2Z49zuYxR54gannI/EzOuEtgAdUCGerbfk4MiS48SXmNdpOjRQ==",
      "optional": true
    },
    "codespan-napi-freebsd-x64": {
      "version": "0.4.0",
      "resolved": "https://registry.npmjs.org/codespan-napi-freebsd-x64/-/codespan-napi-freebsd-x64-0.4.0.tgz",
      "integrity": "sha512-JU0B5RNcKrIu2AWVVJS+1MUp+A5dOWz/uAx7t//wMzmJ1+lM+j7ZJP9KgPZLIjnMtP+e61f5icyi/A1syj+mLg==",
      "optional": true
    },
    "codespan-napi-linux-arm-gnueabihf": {
      "version": "0.4.0",
      "resolved": "https://registry.npmjs.org/codespan-napi-linux-arm-gnueabihf/-/codespan-napi-linux-arm-gnueabihf-0.4.0.tgz",
      "integrity": "sha512-Ios70e2o14qk0OzuGQsLCw+Q9QWlnqJUNMxVW5azlfRgAr6MbaY62MQFUNx0MgADX9GY69FrUzn3AP/RctdZdA==",
      "optional": true
    },
    "codespan-napi-linux-arm64-gnu": {
      "version": "0.4.0",
      "resolved": "https://registry.npmjs.org/codespan-napi-linux-arm64-gnu/-/codespan-napi-linux-arm64-gnu-0.4.0.tgz",
      "integrity": "sha512-DQHFXs743pwKC07GeaHUwdHwgehydgeDBki2T/XHCbvyUbIjy5vSObvoltaZoxzmXnJd6YOpopxluVps75C+mA==",
      "optional": true
    },
    "codespan-napi-linux-arm64-musl": {
      "version": "0.4.0",
      "resolved": "https://registry.npmjs.org/codespan-napi-linux-arm64-musl/-/codespan-napi-linux-arm64-musl-0.4.0.tgz",
      "integrity": "sha512-o5DMa7Nhtz/tcYjEPcCP0ndarFYDMK9XThknwmiC9LvPmrC6oXwjy724lLkVJiJv5WpT0awScWZBFt+D+oVj+A==",
      "optional": true
    },
    "codespan-napi-linux-x64-gnu": {
      "version": "0.4.0",
      "resolved": "https://registry.npmjs.org/codespan-napi-linux-x64-gnu/-/codespan-napi-linux-x64-gnu-0.4.0.tgz",
      "integrity": "sha512-uwj5KzZtwFBGZzElVv8joWeajXdqsS7IeiKF1Wn5uGgbnI2QK6SKPEGz1rz1X5QEiDfxbqt7X/ik3AI4kWWlmg==",
      "optional": true
    },
    "codespan-napi-linux-x64-musl": {
      "version": "0.4.0",
      "resolved": "https://registry.npmjs.org/codespan-napi-linux-x64-musl/-/codespan-napi-linux-x64-musl-0.4.0.tgz",
      "integrity": "sha512-v4jlM4x6kqZ+gIlES+UpDs1JxK2MM+Srah13sixDFPXLI8S4h7YphCi5dyx4Ca3tRzz6jgkXQXpBJzH1tz4uiQ==",
      "optional": true
    },
    "codespan-napi-win32-arm64-msvc": {
      "version": "0.4.0",
      "resolved": "https://registry.npmjs.org/codespan-napi-win32-arm64-msvc/-/codespan-napi-win32-arm64-msvc-0.4.0.tgz",
      "integrity": "sha512-lJWewEr7Mtbf9fP2MzgH5z3p1qdibXTxs45dlrzqfIG+gk8xgTdzzyI0DsP85OcgrKDejDUNDL2btKbXl131ig==",
      "optional": true
    },
    "codespan-napi-win32-ia32-msvc": {
      "version": "0.4.0",
      "resolved": "https://registry.npmjs.org/codespan-napi-win32-ia32-msvc/-/codespan-napi-win32-ia32-msvc-0.4.0.tgz",
      "integrity": "sha512-jxI6HBEyh0fiTsUAjgUz7/THSwXRM6niC4zWfADQQYfasipGO0GcRvuOGPcLpbxERium+WPWuMjWHnBA9Hhvqw==",
      "optional": true
    },
    "codespan-napi-win32-x64-msvc": {
      "version": "0.4.0",
      "resolved": "https://registry.npmjs.org/codespan-napi-win32-x64-msvc/-/codespan-napi-win32-x64-msvc-0.4.0.tgz",
      "integrity": "sha512-AzVChsgKOKWqxgcIxJW7foETAigAlD0KS471NhCa6h0kSGtMV/YLAEee0zOdOiw0rzbjK1LEwX530eO9S3Xjhg==",
      "optional": true
    },
    "commander": {
      "version": "9.3.0",
      "resolved": "https://registry.npmjs.org/commander/-/commander-9.3.0.tgz",
      "integrity": "sha512-hv95iU5uXPbK83mjrJKuZyFM/LBAoCV/XhVGkS5Je6tl7sxr6A0ITMw5WoRV46/UaJ46Nllm3Xt7IaJhXTIkzw=="
    },
    "typescript": {
      "version": "4.7.4",
      "resolved": "https://registry.npmjs.org/typescript/-/typescript-4.7.4.tgz",
      "integrity": "sha512-C0WQT0gezHuw6AdY1M2jxUO83Rjf0HP7Sk1DtXj6j1EwkQNZrHAg2XPWlq62oqEhYvONq5pkC2Y9oPljWToLmQ=="
    }
  }
}
